
Microsoft Visual Studio Solution File, Format Version 12.00
# Visual Studio Version 17
VisualStudioVersion = 17.9.34616.47
MinimumVisualStudioVersion = 10.0.40219.1
Project("{CC5FD16D-436D-48AD-A40C-5A424C6E3E79}") = "MovieDiscussion", "MovieDiscussion\MovieDiscussion.ccproj", "{F3C18C32-D25F-4474-92BB-DE7AE2BCDBC4}"
EndProject
Project("{FAE04EC0-301F-11D3-BF4B-00C04F79EFBC}") = "NotificationService", "NotificationService\NotificationService.csproj", "{20091742-BD31-4363-B806-77FEE6409984}"
EndProject
Global
	GlobalSection(SolutionConfigurationPlatforms) = preSolution
		Debug|Any CPU = Debug|Any CPU
		Release|Any CPU = Release|Any CPU
	EndGlobalSection
	GlobalSection(ProjectConfigurationPlatforms) = postSolution
		{F3C18C32-D25F-4474-92BB-DE7AE2BCDBC4}.Debug|Any CPU.ActiveCfg = Debug|Any CPU
		{F3C18C32-D25F-4474-92BB-DE7AE2BCDBC4}.Debug|Any CPU.Build.0 = Debug|Any CPU
		{F3C18C32-D25F-4474-92BB-DE7AE2BCDBC4}.Release|Any CPU.ActiveCfg = Release|Any CPU
		{F3C18C32-D25F-4474-92BB-DE7AE2BCDBC4}.Release|Any CPU.Build.0 = Release|Any CPU
		{20091742-BD31-4363-B806-77FEE6409984}.Debug|Any CPU.ActiveCfg = Debug|Any CPU
		{20091742-BD31-4363-B806-77FEE6409984}.Debug|Any CPU.Build.0 = Debug|Any CPU
		{20091742-BD31-4363-B806-77FEE6409984}.Release|Any CPU.ActiveCfg = Release|Any CPU
		{20091742-BD31-4363-B806-77FEE6409984}.Release|Any CPU.Build.0 = Release|Any CPU
	EndGlobalSection
	GlobalSection(SolutionProperties) = preSolution
		HideSolutionNode = FALSE
	EndGlobalSection
	GlobalSection(ExtensibilityGlobals) = postSolution
		SolutionGuid = {CAACCCD2-C29B-4D55-9F7F-ED9B116C9207}
	EndGlobalSection
EndGlobal
